
Microsoft Visual Studio Solution File, Format Version 12.00
# Visual Studio Version 17
VisualStudioVersion = 17.7.34202.233
MinimumVisualStudioVersion = 10.0.40219.1
Project("{2150E333-8FDC-42A3-9474-1A3956D46DE8}") = "Services", "Services", "{18275395-C9F4-4A97-9C13-E2BC6AD357D6}"
EndProject
Project("{2150E333-8FDC-42A3-9474-1A3956D46DE8}") = "Catalog", "Catalog", "{787B835E-C8DD-456C-ADC4-1DD17B9B20CC}"
EndProject
Project("{FAE04EC0-301F-11D3-BF4B-00C04F79EFBC}") = "Catalog.API", "Services\Catalog\Catalog.API\Catalog.API.csproj", "{4FE7FFE5-5F75-4EA9-9363-3BB0D028C41A}"
EndProject
Project("{2150E333-8FDC-42A3-9474-1A3956D46DE8}") = "BuildingBlocks", "BuildingBlocks", "{02EA681E-C7D8-13C7-8484-4AC65E1B71E8}"
EndProject
Project("{FAE04EC0-301F-11D3-BF4B-00C04F79EFBC}") = "BuildingBlocks", "BuildingBlocks\BuildingBlocks\BuildingBlocks.csproj", "{13C9017B-E6FB-457C-82AC-0D22A5A63955}"
EndProject
Project("{E53339B2-1760-4266-BCC7-CA923CBCF16C}") = "docker-compose", "docker-compose.dcproj", "{81DDED9D-158B-E303-5F62-77A2896D2A5A}"
EndProject
Project("{2150E333-8FDC-42A3-9474-1A3956D46DE8}") = "Basket", "Basket", "{635B90DE-390E-40F5-8446-3CDB9022CB1E}"
EndProject
Project("{FAE04EC0-301F-11D3-BF4B-00C04F79EFBC}") = "Basket.API", "Services\Basket\Basket.API\Basket.API.csproj", "{EA66D712-D722-49A3-BDC0-153B48FED285}"
EndProject
Project("{2150E333-8FDC-42A3-9474-1A3956D46DE8}") = "Discount", "Discount", "{A4AC6725-74A6-4C83-8B89-C9E9409CB9B7}"
EndProject
Project("{FAE04EC0-301F-11D3-BF4B-00C04F79EFBC}") = "Discount.Grpc", "Services\Discount\Discount.Grpc\Discount.Grpc.csproj", "{B0ADB13C-3AFF-4BAF-B2D3-8C60C40158A1}"
EndProject
Project("{2150E333-8FDC-42A3-9474-1A3956D46DE8}") = "Ordering", "Ordering", "{22F5D8CC-AC01-401F-AA79-826389C3CE5D}"
EndProject
Project("{FAE04EC0-301F-11D3-BF4B-00C04F79EFBC}") = "Ordering.API", "Services\Ordering\Ordering.API\Ordering.API.csproj", "{17435232-7DFF-4AA7-A444-1421DB8AF03D}"
EndProject
Project("{FAE04EC0-301F-11D3-BF4B-00C04F79EFBC}") = "Ordering.Domain", "Services\Ordering\Ordering.Domain\Ordering.Domain.csproj", "{AF26C63A-5239-4408-8E2E-72437EAA69E6}"
EndProject
Project("{FAE04EC0-301F-11D3-BF4B-00C04F79EFBC}") = "Ordering.Application", "Services\Ordering\Ordering.Application\Ordering.Application.csproj", "{8AD44B0D-A005-42F3-AEE6-B32B77512903}"
EndProject
Project("{FAE04EC0-301F-11D3-BF4B-00C04F79EFBC}") = "Ordering.Infrastructure", "Services\Ordering\Ordering.Infrastructure\Ordering.Infrastructure.csproj", "{8D17FADE-01A9-4C05-99E1-1BCCD910E661}"
EndProject
Project("{FAE04EC0-301F-11D3-BF4B-00C04F79EFBC}") = "BuildingBlocks.Messaging", "BuildingBlocks\BuildingBlocks.Messaging\BuildingBlocks.Messaging.csproj", "{DC93E8EE-1582-41FA-B98B-EBC99F450BFC}"
EndProject
Project("{2150E333-8FDC-42A3-9474-1A3956D46DE8}") = "ApiGateways", "ApiGateways", "{DA54C2F9-2ADF-44FB-9675-B74CDCE227BE}"
EndProject
Project("{FAE04EC0-301F-11D3-BF4B-00C04F79EFBC}") = "YarpApiGateway", "ApiGateways\YarpApiGateway\YarpApiGateway.csproj", "{068AFF2D-1650-4830-96B6-FB5F4E4CAD56}"
EndProject
Project("{2150E333-8FDC-42A3-9474-1A3956D46DE8}") = "WebApps", "WebApps", "{3240F53D-4546-470E-8DDA-EEB64E5343A5}"
EndProject
Project("{FAE04EC0-301F-11D3-BF4B-00C04F79EFBC}") = "Shopping.Web", "WebApps\Shopping.Web\Shopping.Web.csproj", "{BEA98A65-6C22-4FC9-B036-9E61A0634859}"
EndProject
Global
	GlobalSection(SolutionConfigurationPlatforms) = preSolution
		Debug|Any CPU = Debug|Any CPU
		Release|Any CPU = Release|Any CPU
	EndGlobalSection
	GlobalSection(ProjectConfigurationPlatforms) = postSolution
		{4FE7FFE5-5F75-4EA9-9363-3BB0D028C41A}.Debug|Any CPU.ActiveCfg = Debug|Any CPU
		{4FE7FFE5-5F75-4EA9-9363-3BB0D028C41A}.Debug|Any CPU.Build.0 = Debug|Any CPU
		{4FE7FFE5-5F75-4EA9-9363-3BB0D028C41A}.Release|Any CPU.ActiveCfg = Release|Any CPU
		{4FE7FFE5-5F75-4EA9-9363-3BB0D028C41A}.Release|Any CPU.Build.0 = Release|Any CPU
		{13C9017B-E6FB-457C-82AC-0D22A5A63955}.Debug|Any CPU.ActiveCfg = Debug|Any CPU
		{13C9017B-E6FB-457C-82AC-0D22A5A63955}.Debug|Any CPU.Build.0 = Debug|Any CPU
		{13C9017B-E6FB-457C-82AC-0D22A5A63955}.Release|Any CPU.ActiveCfg = Release|Any CPU
		{13C9017B-E6FB-457C-82AC-0D22A5A63955}.Release|Any CPU.Build.0 = Release|Any CPU
		{81DDED9D-158B-E303-5F62-77A2896D2A5A}.Debug|Any CPU.ActiveCfg = Debug|Any CPU
		{81DDED9D-158B-E303-5F62-77A2896D2A5A}.Debug|Any CPU.Build.0 = Debug|Any CPU
		{81DDED9D-158B-E303-5F62-77A2896D2A5A}.Release|Any CPU.ActiveCfg = Release|Any CPU
		{81DDED9D-158B-E303-5F62-77A2896D2A5A}.Release|Any CPU.Build.0 = Release|Any CPU
		{EA66D712-D722-49A3-BDC0-153B48FED285}.Debug|Any CPU.ActiveCfg = Debug|Any CPU
		{EA66D712-D722-49A3-BDC0-153B48FED285}.Debug|Any CPU.Build.0 = Debug|Any CPU
		{EA66D712-D722-49A3-BDC0-153B48FED285}.Release|Any CPU.ActiveCfg = Release|Any CPU
		{EA66D712-D722-49A3-BDC0-153B48FED285}.Release|Any CPU.Build.0 = Release|Any CPU
		{B0ADB13C-3AFF-4BAF-B2D3-8C60C40158A1}.Debug|Any CPU.ActiveCfg = Debug|Any CPU
		{B0ADB13C-3AFF-4BAF-B2D3-8C60C40158A1}.Debug|Any CPU.Build.0 = Debug|Any CPU
		{B0ADB13C-3AFF-4BAF-B2D3-8C60C40158A1}.Release|Any CPU.ActiveCfg = Release|Any CPU
		{B0ADB13C-3AFF-4BAF-B2D3-8C60C40158A1}.Release|Any CPU.Build.0 = Release|Any CPU
		{17435232-7DFF-4AA7-A444-1421DB8AF03D}.Debug|Any CPU.ActiveCfg = Debug|Any CPU
		{17435232-7DFF-4AA7-A444-1421DB8AF03D}.Debug|Any CPU.Build.0 = Debug|Any CPU
		{17435232-7DFF-4AA7-A444-1421DB8AF03D}.Release|Any CPU.ActiveCfg = Release|Any CPU
		{17435232-7DFF-4AA7-A444-1421DB8AF03D}.Release|Any CPU.Build.0 = Release|Any CPU
		{AF26C63A-5239-4408-8E2E-72437EAA69E6}.Debug|Any CPU.ActiveCfg = Debug|Any CPU
		{AF26C63A-5239-4408-8E2E-72437EAA69E6}.Debug|Any CPU.Build.0 = Debug|Any CPU
		{AF26C63A-5239-4408-8E2E-72437EAA69E6}.Release|Any CPU.ActiveCfg = Release|Any CPU
		{AF26C63A-5239-4408-8E2E-72437EAA69E6}.Release|Any CPU.Build.0 = Release|Any CPU
		{8AD44B0D-A005-42F3-AEE6-B32B77512903}.Debug|Any CPU.ActiveCfg = Debug|Any CPU
		{8AD44B0D-A005-42F3-AEE6-B32B77512903}.Debug|Any CPU.Build.0 = Debug|Any CPU
		{8AD44B0D-A005-42F3-AEE6-B32B77512903}.Release|Any CPU.ActiveCfg = Release|Any CPU
		{8AD44B0D-A005-42F3-AEE6-B32B77512903}.Release|Any CPU.Build.0 = Release|Any CPU
		{8D17FADE-01A9-4C05-99E1-1BCCD910E661}.Debug|Any CPU.ActiveCfg = Debug|Any CPU
		{8D17FADE-01A9-4C05-99E1-1BCCD910E661}.Debug|Any CPU.Build.0 = Debug|Any CPU
		{8D17FADE-01A9-4C05-99E1-1BCCD910E661}.Release|Any CPU.ActiveCfg = Release|Any CPU
		{8D17FADE-01A9-4C05-99E1-1BCCD910E661}.Release|Any CPU.Build.0 = Release|Any CPU
		{DC93E8EE-1582-41FA-B98B-EBC99F450BFC}.Debug|Any CPU.ActiveCfg = Debug|Any CPU
		{DC93E8EE-1582-41FA-B98B-EBC99F450BFC}.Debug|Any CPU.Build.0 = Debug|Any CPU
		{DC93E8EE-1582-41FA-B98B-EBC99F450BFC}.Release|Any CPU.ActiveCfg = Release|Any CPU
		{DC93E8EE-1582-41FA-B98B-EBC99F450BFC}.Release|Any CPU.Build.0 = Release|Any CPU
		{068AFF2D-1650-4830-96B6-FB5F4E4CAD56}.Debug|Any CPU.ActiveCfg = Debug|Any CPU
		{068AFF2D-1650-4830-96B6-FB5F4E4CAD56}.Debug|Any CPU.Build.0 = Debug|Any CPU
		{068AFF2D-1650-4830-96B6-FB5F4E4CAD56}.Release|Any CPU.ActiveCfg = Release|Any CPU
		{068AFF2D-1650-4830-96B6-FB5F4E4CAD56}.Release|Any CPU.Build.0 = Release|Any CPU
		{BEA98A65-6C22-4FC9-B036-9E61A0634859}.Debug|Any CPU.ActiveCfg = Debug|Any CPU
		{BEA98A65-6C22-4FC9-B036-9E61A0634859}.Debug|Any CPU.Build.0 = Debug|Any CPU
		{BEA98A65-6C22-4FC9-B036-9E61A0634859}.Release|Any CPU.ActiveCfg = Release|Any CPU
		{BEA98A65-6C22-4FC9-B036-9E61A0634859}.Release|Any CPU.Build.0 = Release|Any CPU
	EndGlobalSection
	GlobalSection(SolutionProperties) = preSolution
		HideSolutionNode = FALSE
	EndGlobalSection
	GlobalSection(NestedProjects) = preSolution
		{787B835E-C8DD-456C-ADC4-1DD17B9B20CC} = {18275395-C9F4-4A97-9C13-E2BC6AD357D6}
		{4FE7FFE5-5F75-4EA9-9363-3BB0D028C41A} = {787B835E-C8DD-456C-ADC4-1DD17B9B20CC}
		{13C9017B-E6FB-457C-82AC-0D22A5A63955} = {02EA681E-C7D8-13C7-8484-4AC65E1B71E8}
		{635B90DE-390E-40F5-8446-3CDB9022CB1E} = {18275395-C9F4-4A97-9C13-E2BC6AD357D6}
		{EA66D712-D722-49A3-BDC0-153B48FED285} = {635B90DE-390E-40F5-8446-3CDB9022CB1E}
		{A4AC6725-74A6-4C83-8B89-C9E9409CB9B7} = {18275395-C9F4-4A97-9C13-E2BC6AD357D6}
		{B0ADB13C-3AFF-4BAF-B2D3-8C60C40158A1} = {A4AC6725-74A6-4C83-8B89-C9E9409CB9B7}
		{22F5D8CC-AC01-401F-AA79-826389C3CE5D} = {18275395-C9F4-4A97-9C13-E2BC6AD357D6}
		{17435232-7DFF-4AA7-A444-1421DB8AF03D} = {22F5D8CC-AC01-401F-AA79-826389C3CE5D}
		{AF26C63A-5239-4408-8E2E-72437EAA69E6} = {22F5D8CC-AC01-401F-AA79-826389C3CE5D}
		{8AD44B0D-A005-42F3-AEE6-B32B77512903} = {22F5D8CC-AC01-401F-AA79-826389C3CE5D}
		{8D17FADE-01A9-4C05-99E1-1BCCD910E661} = {22F5D8CC-AC01-401F-AA79-826389C3CE5D}
		{DC93E8EE-1582-41FA-B98B-EBC99F450BFC} = {02EA681E-C7D8-13C7-8484-4AC65E1B71E8}
		{068AFF2D-1650-4830-96B6-FB5F4E4CAD56} = {DA54C2F9-2ADF-44FB-9675-B74CDCE227BE}
		{BEA98A65-6C22-4FC9-B036-9E61A0634859} = {3240F53D-4546-470E-8DDA-EEB64E5343A5}
	EndGlobalSection
	GlobalSection(ExtensibilityGlobals) = postSolution
		SolutionGuid = {2FE30D6B-488B-4047-89E9-987FF2ADCBAE}
	EndGlobalSection
EndGlobal
